{
  "nodes": {
    "arcanNeovim": {
      "flake": false,
      "locked": {
        "lastModified": 1708451772,
        "narHash": "sha256-oKTE27aOjm6TKaIg6/wQx2mDfIf4Z/FhQ9lucgPdo6c=",
        "owner": "letoram",
        "repo": "nvim-arcan",
        "rev": "fd5931d45da231e2465f2acf45ece39085efeefb",
        "type": "github"
      },
      "original": {
        "owner": "letoram",
        "repo": "nvim-arcan",
        "type": "github"
      }
    },
    "flakeUtils": {
      "inputs": {
        "systems": [
          "systems"
        ]
      },
      "locked": {
        "lastModified": 1731533236,
        "narHash": "sha256-l0KFg5HjrsfsO/JpG+r7fRrqm12kzFHyUHqHCVpMMbI=",
        "owner": "numtide",
        "repo": "flake-utils",
        "rev": "11707dc2f618dd54ca8739b309ec4fc024de578b",
        "type": "github"
      },
      "original": {
        "owner": "numtide",
        "repo": "flake-utils",
        "type": "github"
      }
    },
    "homeManager": {
      "inputs": {
        "nixpkgs": "nixpkgs"
      },
      "locked": {
        "lastModified": 1767619743,
        "narHash": "sha256-N0kK1JqxIjFl7hPAfhkW6C9AO7feYJUWLPyqJO2VuQQ=",
        "owner": "nix-community",
        "repo": "home-manager",
        "rev": "a65c04965c841eb01ba401f5162f12bc8d52014f",
        "type": "github"
      },
      "original": {
        "owner": "nix-community",
        "repo": "home-manager",
        "type": "github"
      }
    },
    "nixpkgs": {
      "locked": {
        "lastModified": 1766902085,
        "narHash": "sha256-coBu0ONtFzlwwVBzmjacUQwj3G+lybcZ1oeNSQkgC0M=",
        "owner": "NixOS",
        "repo": "nixpkgs",
        "rev": "c0b0e0fddf73fd517c3471e546c0df87a42d53f4",
        "type": "github"
      },
      "original": {
        "owner": "NixOS",
        "ref": "nixos-unstable",
        "repo": "nixpkgs",
        "type": "github"
      }
    },
    "nixpkgs_2": {
      "locked": {
        "lastModified": 1767643299,
        "narHash": "sha256-D5jIjmtq2uhNrNUgoVNiCb/K8zJKoiCbMdJjEStA3FQ=",
        "owner": "nixos",
        "repo": "nixpkgs",
        "rev": "7a3cf7dd47434ac356350dd84c719dfc45b5e1c7",
        "type": "github"
      },
      "original": {
        "owner": "nixos",
        "ref": "master",
        "repo": "nixpkgs",
        "type": "github"
      }
    },
    "root": {
      "inputs": {
        "arcanNeovim": "arcanNeovim",
        "flakeUtils": "flakeUtils",
        "homeManager": "homeManager",
        "nixpkgs": "nixpkgs_2",
        "systems": "systems",
        "xkb2kbdlua": "xkb2kbdlua"
      }
    },
    "systems": {
      "locked": {
        "lastModified": 1689347949,
        "narHash": "sha256-12tWmuL2zgBgZkdoB6qXZsgJEH9LR3oUgpaQq2RbI80=",
        "owner": "nix-systems",
        "repo": "default-linux",
        "rev": "31732fcf5e8fea42e59c2488ad31a0e651500f68",
        "type": "github"
      },
      "original": {
        "owner": "nix-systems",
        "repo": "default-linux",
        "type": "github"
      }
    },
    "xkb2kbdlua": {
      "flake": false,
      "locked": {
        "lastModified": 1764541073,
        "narHash": "sha256-VE4fmJ0tN5Ms6yn4ORdiOk+awPzyf5A5GLE0uazaSQg=",
        "ref": "refs/heads/master",
        "rev": "a46b12bcc2fd62712174e4ab149ec4da0fab4033",
        "revCount": 34,
        "type": "git",
        "url": "https://codeberg.org/btrach/xkb2kbdlua"
      },
      "original": {
        "type": "git",
        "url": "https://codeberg.org/btrach/xkb2kbdlua"
      }
    }
  },
  "root": "root",
  "version": 7
}
